// !$*UTF8*$!
{
	archiveVersion = 1;
	classes = {
	};
	objectVersion = 50;
	objects = {

/* Begin PBXBuildFile section */
		10A21811218FD00F004EDAE3 /* QuestionViewController.swift in Sources */ = {isa = PBXBuildFile; fileRef = 10A21810218FD00F004EDAE3 /* QuestionViewController.swift */; };
		10A2181321913961004EDAE3 /* AnswerViewController.swift in Sources */ = {isa = PBXBuildFile; fileRef = 10A2181221913961004EDAE3 /* AnswerViewController.swift */; };
		10A2181521913973004EDAE3 /* FinishViewController.swift in Sources */ = {isa = PBXBuildFile; fileRef = 10A2181421913973004EDAE3 /* FinishViewController.swift */; };
		10FA4DB32187C6A4005416CC /* AppDelegate.swift in Sources */ = {isa = PBXBuildFile; fileRef = 10FA4DB22187C6A4005416CC /* AppDelegate.swift */; };
		10FA4DB52187C6A4005416CC /* ViewController.swift in Sources */ = {isa = PBXBuildFile; fileRef = 10FA4DB42187C6A4005416CC /* ViewController.swift */; };
		10FA4DB82187C6A4005416CC /* Main.storyboard in Resources */ = {isa = PBXBuildFile; fileRef = 10FA4DB62187C6A4005416CC /* Main.storyboard */; };
		10FA4DBA2187C6A5005416CC /* Assets.xcassets in Resources */ = {isa = PBXBuildFile; fileRef = 10FA4DB92187C6A5005416CC /* Assets.xcassets */; };
		10FA4DBD2187C6A5005416CC /* LaunchScreen.storyboard in Resources */ = {isa = PBXBuildFile; fileRef = 10FA4DBB2187C6A5005416CC /* LaunchScreen.storyboard */; };
		10FA4DC82187C6A5005416CC /* iQuizTests.swift in Sources */ = {isa = PBXBuildFile; fileRef = 10FA4DC72187C6A5005416CC /* iQuizTests.swift */; };
		10FA4DD32187C6A5005416CC /* iQuizUITests.swift in Sources */ = {isa = PBXBuildFile; fileRef = 10FA4DD22187C6A5005416CC /* iQuizUITests.swift */; };
/* End PBXBuildFile section */

/* Begin PBXContainerItemProxy section */
		10FA4DC42187C6A5005416CC /* PBXContainerItemProxy */ = {
			isa = PBXContainerItemProxy;
			containerPortal = 10FA4DA72187C6A4005416CC /* Project object */;
			proxyType = 1;
			remoteGlobalIDString = 10FA4DAE2187C6A4005416CC;
			remoteInfo = iQuiz;
		};
		10FA4DCF2187C6A5005416CC /* PBXContainerItemProxy */ = {
			isa = PBXContainerItemProxy;
			containerPortal = 10FA4DA72187C6A4005416CC /* Project object */;
			proxyType = 1;
			remoteGlobalIDString = 10FA4DAE2187C6A4005416CC;
			remoteInfo = iQuiz;
		};
/* End PBXContainerItemProxy section */

/* Begin PBXFileReference section */
		10A21810218FD00F004EDAE3 /* QuestionViewController.swift */ = {isa = PBXFileReference; lastKnownFileType = sourcecode.swift; path = QuestionViewController.swift; sourceTree = "<group>"; };
		10A2181221913961004EDAE3 /* AnswerViewController.swift */ = {isa = PBXFileReference; lastKnownFileType = sourcecode.swift; path = AnswerViewController.swift; sourceTree = "<group>"; };
		10A2181421913973004EDAE3 /* FinishViewController.swift */ = {isa = PBXFileReference; lastKnownFileType = sourcecode.swift; path = FinishViewController.swift; sourceTree = "<group>"; };
		10FA4DAF2187C6A4005416CC /* iQuiz.app */ = {isa = PBXFileReference; explicitFileType = wrapper.application; includeInIndex = 0; path = iQuiz.app; sourceTree = BUILT_PRODUCTS_DIR; };
		10FA4DB22187C6A4005416CC /* AppDelegate.swift */ = {isa = PBXFileReference; lastKnownFileType = sourcecode.swift; path = AppDelegate.swift; sourceTree = "<group>"; };
		10FA4DB42187C6A4005416CC /* ViewController.swift */ = {isa = PBXFileReference; lastKnownFileType = sourcecode.swift; path = ViewController.swift; sourceTree = "<group>"; };
		10FA4DB72187C6A4005416CC /* Base */ = {isa = PBXFileReference; lastKnownFileType = file.storyboard; name = Base; path = Base.lproj/Main.storyboard; sourceTree = "<group>"; };
		10FA4DB92187C6A5005416CC /* Assets.xcassets */ = {isa = PBXFileReference; lastKnownFileType = folder.assetcatalog; path = Assets.xcassets; sourceTree = "<group>"; };
		10FA4DBC2187C6A5005416CC /* Base */ = {isa = PBXFileReference; lastKnownFileType = file.storyboard; name = Base; path = Base.lproj/LaunchScreen.storyboard; sourceTree = "<group>"; };
		10FA4DBE2187C6A5005416CC /* Info.plist */ = {isa = PBXFileReference; lastKnownFileType = text.plist.xml; path = Info.plist; sourceTree = "<group>"; };
		10FA4DC32187C6A5005416CC /* iQuizTests.xctest */ = {isa = PBXFileReference; explicitFileType = wrapper.cfbundle; includeInIndex = 0; path = iQuizTests.xctest; sourceTree = BUILT_PRODUCTS_DIR; };
		10FA4DC72187C6A5005416CC /* iQuizTests.swift */ = {isa = PBXFileReference; lastKnownFileType = sourcecode.swift; path = iQuizTests.swift; sourceTree = "<group>"; };
		10FA4DC92187C6A5005416CC /* Info.plist */ = {isa = PBXFileReference; lastKnownFileType = text.plist.xml; path = Info.plist; sourceTree = "<group>"; };
		10FA4DCE2187C6A5005416CC /* iQuizUITests.xctest */ = {isa = PBXFileReference; explicitFileType = wrapper.cfbundle; includeInIndex = 0; path = iQuizUITests.xctest; sourceTree = BUILT_PRODUCTS_DIR; };
		10FA4DD22187C6A5005416CC /* iQuizUITests.swift */ = {isa = PBXFileReference; lastKnownFileType = sourcecode.swift; path = iQuizUITests.swift; sourceTree = "<group>"; };
		10FA4DD42187C6A5005416CC /* Info.plist */ = {isa = PBXFileReference; lastKnownFileType = text.plist.xml; path = Info.plist; sourceTree = "<group>"; };
/* End PBXFileReference section */

/* Begin PBXFrameworksBuildPhase section */
		10FA4DAC2187C6A4005416CC /* Frameworks */ = {
			isa = PBXFrameworksBuildPhase;
			buildActionMask = 2147483647;
			files = (
			);
			runOnlyForDeploymentPostprocessing = 0;
		};
		10FA4DC02187C6A5005416CC /* Frameworks */ = {
			isa = PBXFrameworksBuildPhase;
			buildActionMask = 2147483647;
			files = (
			);
			runOnlyForDeploymentPostprocessing = 0;
		};
		10FA4DCB2187C6A5005416CC /* Frameworks */ = {
			isa = PBXFrameworksBuildPhase;
			buildActionMask = 2147483647;
			files = (
			);
			runOnlyForDeploymentPostprocessing = 0;
		};
/* End PBXFrameworksBuildPhase section */

/* Begin PBXGroup section */
		10FA4DA62187C6A4005416CC = {
			isa = PBXGroup;
			children = (
				10FA4DB12187C6A4005416CC /* iQuiz */,
				10FA4DC62187C6A5005416CC /* iQuizTests */,
				10FA4DD12187C6A5005416CC /* iQuizUITests */,
				10FA4DB02187C6A4005416CC /* Products */,
			);
			sourceTree = "<group>";
		};
		10FA4DB02187C6A4005416CC /* Products */ = {
			isa = PBXGroup;
			children = (
				10FA4DAF2187C6A4005416CC /* iQuiz.app */,
				10FA4DC32187C6A5005416CC /* iQuizTests.xctest */,
				10FA4DCE2187C6A5005416CC /* iQuizUITests.xctest */,
			);
			name = Products;
			sourceTree = "<group>";
		};
		10FA4DB12187C6A4005416CC /* iQuiz */ = {
			isa = PBXGroup;
			children = (
				10A21810218FD00F004EDAE3 /* QuestionViewController.swift */,
				10A2181221913961004EDAE3 /* AnswerViewController.swift */,
				10A2181421913973004EDAE3 /* FinishViewController.swift */,
				10FA4DB22187C6A4005416CC /* AppDelegate.swift */,
				10FA4DB42187C6A4005416CC /* ViewController.swift */,
				10FA4DB62187C6A4005416CC /* Main.storyboard */,
				10FA4DB92187C6A5005416CC /* Assets.xcassets */,
				10FA4DBB2187C6A5005416CC /* LaunchScreen.storyboard */,
				10FA4DBE2187C6A5005416CC /* Info.plist */,
			);
			path = iQuiz;
			sourceTree = "<group>";
		};
		10FA4DC62187C6A5005416CC /* iQuizTests */ = {
			isa = PBXGroup;
			children = (
				10FA4DC72187C6A5005416CC /* iQuizTests.swift */,
				10FA4DC92187C6A5005416CC /* Info.plist */,
			);
			path = iQuizTests;
			sourceTree = "<group>";
		};
		10FA4DD12187C6A5005416CC /* iQuizUITests */ = {
			isa = PBXGroup;
			children = (
				10FA4DD22187C6A5005416CC /* iQuizUITests.swift */,
				10FA4DD42187C6A5005416CC /* Info.plist */,
			);
			path = iQuizUITests;
			sourceTree = "<group>";
		};
/* End PBXGroup section */

/* Begin PBXNativeTarget section */
		10FA4DAE2187C6A4005416CC /* iQuiz */ = {
			isa = PBXNativeTarget;
			buildConfigurationList = 10FA4DD72187C6A5005416CC /* Build configuration list for PBXNativeTarget "iQuiz" */;
			buildPhases = (
				10FA4DAB2187C6A4005416CC /* Sources */,
				10FA4DAC2187C6A4005416CC /* Frameworks */,
				10FA4DAD2187C6A4005416CC /* Resources */,
			);
			buildRules = (
			);
			dependencies = (
			);
			name = iQuiz;
			productName = iQuiz;
			productReference = 10FA4DAF2187C6A4005416CC /* iQuiz.app */;
			productType = "com.apple.product-type.application";
		};
		10FA4DC22187C6A5005416CC /* iQuizTests */ = {
			isa = PBXNativeTarget;
			buildConfigurationList = 10FA4DDA2187C6A5005416CC /* Build configuration list for PBXNativeTarget "iQuizTests" */;
			buildPhases = (
				10FA4DBF2187C6A5005416CC /* Sources */,
				10FA4DC02187C6A5005416CC /* Frameworks */,
				10FA4DC12187C6A5005416CC /* Resources */,
			);
			buildRules = (
			);
			dependencies = (
				10FA4DC52187C6A5005416CC /* PBXTargetDependency */,
			);
			name = iQuizTests;
			productName = iQuizTests;
			productReference = 10FA4DC32187C6A5005416CC /* iQuizTests.xctest */;
			productType = "com.apple.product-type.bundle.unit-test";
		};
		10FA4DCD2187C6A5005416CC /* iQuizUITests */ = {
			isa = PBXNativeTarget;
			buildConfigurationList = 10FA4DDD2187C6A5005416CC /* Build configuration list for PBXNativeTarget "iQuizUITests" */;
			buildPhases = (
				10FA4DCA2187C6A5005416CC /* Sources */,
				10FA4DCB2187C6A5005416CC /* Frameworks */,
				10FA4DCC2187C6A5005416CC /* Resources */,
			);
			buildRules = (
			);
			dependencies = (
				10FA4DD02187C6A5005416CC /* PBXTargetDependency */,
			);
			name = iQuizUITests;
			productName = iQuizUITests;
			productReference = 10FA4DCE2187C6A5005416CC /* iQuizUITests.xctest */;
			productType = "com.apple.product-type.bundle.ui-testing";
		};
/* End PBXNativeTarget section */

/* Begin PBXProject section */
		10FA4DA72187C6A4005416CC /* Project object */ = {
			isa = PBXProject;
			attributes = {
				LastSwiftUpdateCheck = 1000;
				LastUpgradeCheck = 1000;
				ORGANIZATIONNAME = AllenShi;
				TargetAttributes = {
					10FA4DAE2187C6A4005416CC = {
						CreatedOnToolsVersion = 10.0;
					};
					10FA4DC22187C6A5005416CC = {
						CreatedOnToolsVersion = 10.0;
						TestTargetID = 10FA4DAE2187C6A4005416CC;
					};
					10FA4DCD2187C6A5005416CC = {
						CreatedOnToolsVersion = 10.0;
						TestTargetID = 10FA4DAE2187C6A4005416CC;
					};
				};
			};
			buildConfigurationList = 10FA4DAA2187C6A4005416CC /* Build configuration list for PBXProject "iQuiz" */;
			compatibilityVersion = "Xcode 9.3";
			developmentRegion = en;
			hasScannedForEncodings = 0;
			knownRegions = (
				en,
				Base,
			);
			mainGroup = 10FA4DA62187C6A4005416CC;
			productRefGroup = 10FA4DB02187C6A4005416CC /* Products */;
			projectDirPath = "";
			projectRoot = "";
			targets = (
				10FA4DAE2187C6A4005416CC /* iQuiz */,
				10FA4DC22187C6A5005416CC /* iQuizTests */,
				10FA4DCD2187C6A5005416CC /* iQuizUITests */,
			);
		};
/* End PBXProject section */

/* Begin PBXResourcesBuildPhase section */
		10FA4DAD2187C6A4005416CC /* Resources */ = {
			isa = PBXResourcesBuildPhase;
			buildActionMask = 2147483647;
			files = (
				10FA4DBD2187C6A5005416CC /* LaunchScreen.storyboard in Resources */,
				10FA4DBA2187C6A5005416CC /* Assets.xcassets in Resources */,
				10FA4DB82187C6A4005416CC /* Main.storyboard in Resources */,
			);
			runOnlyForDeploymentPostprocessing = 0;
		};
		10FA4DC12187C6A5005416CC /* Resources */ = {
			isa = PBXResourcesBuildPhase;
			buildActionMask = 2147483647;
			files = (
			);
			runOnlyForDeploymentPostprocessing = 0;
		};
		10FA4DCC2187C6A5005416CC /* Resources */ = {
			isa = PBXResourcesBuildPhase;
			buildActionMask = 2147483647;
			files = (
			);
			runOnlyForDeploymentPostprocessing = 0;
		};
/* End PBXResourcesBuildPhase section */

/* Begin PBXSourcesBuildPhase section */
		10FA4DAB2187C6A4005416CC /* Sources */ = {
			isa = PBXSourcesBuildPhase;
			buildActionMask = 2147483647;
			files = (
				10A2181521913973004EDAE3 /* FinishViewController.swift in Sources */,
				10A2181321913961004EDAE3 /* AnswerViewController.swift in Sources */,
				10FA4DB52187C6A4005416CC /* ViewController.swift in Sources */,
				10FA4DB32187C6A4005416CC /* AppDelegate.swift in Sources */,
				10A21811218FD00F004EDAE3 /* QuestionViewController.swift in Sources */,
			);
			runOnlyForDeploymentPostprocessing = 0;
		};
		10FA4DBF2187C6A5005416CC /* Sources */ = {
			isa = PBXSourcesBuildPhase;
			buildActionMask = 2147483647;
			files = (
				10FA4DC82187C6A5005416CC /* iQuizTests.swift in Sources */,
			);
			runOnlyForDeploymentPostprocessing = 0;
		};
		10FA4DCA2187C6A5005416CC /* Sources */ = {
			isa = PBXSourcesBuildPhase;
			buildActionMask = 2147483647;
			files = (
				10FA4DD32187C6A5005416CC /* iQuizUITests.swift in Sources */,
			);
			runOnlyForDeploymentPostprocessing = 0;
		};
/* End PBXSourcesBuildPhase section */

/* Begin PBXTargetDependency section */
		10FA4DC52187C6A5005416CC /* PBXTargetDependency */ = {
			isa = PBXTargetDependency;
			target = 10FA4DAE2187C6A4005416CC /* iQuiz */;
			targetProxy = 10FA4DC42187C6A5005416CC /* PBXContainerItemProxy */;
		};
		10FA4DD02187C6A5005416CC /* PBXTargetDependency */ = {
			isa = PBXTargetDependency;
			target = 10FA4DAE2187C6A4005416CC /* iQuiz */;
			targetProxy = 10FA4DCF2187C6A5005416CC /* PBXContainerItemProxy */;
		};
/* End PBXTargetDependency section */

/* Begin PBXVariantGroup section */
		10FA4DB62187C6A4005416CC /* Main.storyboard */ = {
			isa = PBXVariantGroup;
			children = (
				10FA4DB72187C6A4005416CC /* Base */,
			);
			name = Main.storyboard;
			sourceTree = "<group>";
		};
		10FA4DBB2187C6A5005416CC /* LaunchScreen.storyboard */ = {
			isa = PBXVariantGroup;
			children = (
				10FA4DBC2187C6A5005416CC /* Base */,
			);
			name = LaunchScreen.storyboard;
			sourceTree = "<group>";
		};
/* End PBXVariantGroup section */

/* Begin XCBuildConfiguration section */
		10FA4DD52187C6A5005416CC /* Debug */ = {
			isa = XCBuildConfiguration;
			buildSettings = {
				ALWAYS_SEARCH_USER_PATHS = NO;
				CLANG_ANALYZER_NONNULL = YES;
				CLANG_ANALYZER_NUMBER_OBJECT_CONVERSION = YES_AGGRESSIVE;
				CLANG_CXX_LANGUAGE_STANDARD = "gnu++14";
				CLANG_CXX_LIBRARY = "libc++";
				CLANG_ENABLE_MODULES = YES;
				CLANG_ENABLE_OBJC_ARC = YES;
				CLANG_ENABLE_OBJC_WEAK = YES;
				CLANG_WARN_BLOCK_CAPTURE_AUTORELEASING = YES;
				CLANG_WARN_BOOL_CONVERSION = YES;
				CLANG_WARN_COMMA = YES;
				CLANG_WARN_CONSTANT_CONVERSION = YES;
				CLANG_WARN_DEPRECATED_OBJC_IMPLEMENTATIONS = YES;
				CLANG_WARN_DIRECT_OBJC_ISA_USAGE = YES_ERROR;
				CLANG_WARN_DOCUMENTATION_COMMENTS = YES;
				CLANG_WARN_EMPTY_BODY = YES;
				CLANG_WARN_ENUM_CONVERSION = YES;
				CLANG_WARN_INFINITE_RECURSION = YES;
				CLANG_WARN_INT_CONVERSION = YES;
				CLANG_WARN_NON_LITERAL_NULL_CONVERSION = YES;
				CLANG_WARN_OBJC_IMPLICIT_RETAIN_SELF = YES;
				CLANG_WARN_OBJC_LITERAL_CONVERSION = YES;
				CLANG_WARN_OBJC_ROOT_CLASS = YES_ERROR;
				CLANG_WARN_RANGE_LOOP_ANALYSIS = YES;
				CLANG_WARN_STRICT_PROTOTYPES = YES;
				CLANG_WARN_SUSPICIOUS_MOVE = YES;
				CLANG_WARN_UNGUARDED_AVAILABILITY = YES_AGGRESSIVE;
				CLANG_WARN_UNREACHABLE_CODE = YES;
				CLANG_WARN__DUPLICATE_METHOD_MATCH = YES;
				CODE_SIGN_IDENTITY = "iPhone Developer";
				COPY_PHASE_STRIP = NO;
				DEBUG_INFORMATION_FORMAT = dwarf;
				ENABLE_STRICT_OBJC_MSGSEND = YES;
				ENABLE_TESTABILITY = YES;
				GCC_C_LANGUAGE_STANDARD = gnu11;
				GCC_DYNAMIC_NO_PIC = NO;
				GCC_NO_COMMON_BLOCKS = YES;
				GCC_OPTIMIZATION_LEVEL = 0;
				GCC_PREPROCESSOR_DEFINITIONS = (
					"DEBUG=1",
					"$(inherited)",
				);
				GCC_WARN_64_TO_32_BIT_CONVERSION = YES;
				GCC_WARN_ABOUT_RETURN_TYPE = YES_ERROR;
				GCC_WARN_UNDECLARED_SELECTOR = YES;
				GCC_WARN_UNINITIALIZED_AUTOS = YES_AGGRESSIVE;
				GCC_WARN_UNUSED_FUNCTION = YES;
				GCC_WARN_UNUSED_VARIABLE = YES;
				IPHONEOS_DEPLOYMENT_TARGET = 12.0;
				MTL_ENABLE_DEBUG_INFO = INCLUDE_SOURCE;
				MTL_FAST_MATH = YES;
				ONLY_ACTIVE_ARCH = YES;
				SDKROOT = iphoneos;
				SWIFT_ACTIVE_COMPILATION_CONDITIONS = DEBUG;
				SWIFT_OPTIMIZATION_LEVEL = "-Onone";
			};
			name = Debug;
		};
		10FA4DD62187C6A5005416CC /* Release */ = {
			isa = XCBuildConfiguration;
			buildSettings = {
				ALWAYS_SEARCH_USER_PATHS = NO;
				CLANG_ANALYZER_NONNULL = YES;
				CLANG_ANALYZER_NUMBER_OBJECT_CONVERSION = YES_AGGRESSIVE;
				CLANG_CXX_LANGUAGE_STANDARD = "gnu++14";
				CLANG_CXX_LIBRARY = "libc++";
				CLANG_ENABLE_MODULES = YES;
				CLANG_ENABLE_OBJC_ARC = YES;
				CLANG_ENABLE_OBJC_WEAK = YES;
				CLANG_WARN_BLOCK_CAPTURE_AUTORELEASING = YES;
				CLANG_WARN_BOOL_CONVERSION = YES;
				CLANG_WARN_COMMA = YES;
				CLANG_WARN_CONSTANT_CONVERSION = YES;
				CLANG_WARN_DEPRECATED_OBJC_IMPLEMENTATIONS = YES;
				CLANG_WARN_DIRECT_OBJC_ISA_USAGE = YES_ERROR;
				CLANG_WARN_DOCUMENTATION_COMMENTS = YES;
				CLANG_WARN_EMPTY_BODY = YES;
				CLANG_WARN_ENUM_CONVERSION = YES;
				CLANG_WARN_INFINITE_RECURSION = YES;
				CLANG_WARN_INT_CONVERSION = YES;
				CLANG_WARN_NON_LITERAL_NULL_CONVERSION = YES;
				CLANG_WARN_OBJC_IMPLICIT_RETAIN_SELF = YES;
				CLANG_WARN_OBJC_LITERAL_CONVERSION = YES;
				CLANG_WARN_OBJC_ROOT_CLASS = YES_ERROR;
				CLANG_WARN_RANGE_LOOP_ANALYSIS = YES;
				CLANG_WARN_STRICT_PROTOTYPES = YES;
				CLANG_WARN_SUSPICIOUS_MOVE = YES;
				CLANG_WARN_UNGUARDED_AVAILABILITY = YES_AGGRESSIVE;
				CLANG_WARN_UNREACHABLE_CODE = YES;
				CLANG_WARN__DUPLICATE_METHOD_MATCH = YES;
				CODE_SIGN_IDENTITY = "iPhone Developer";
				COPY_PHASE_STRIP = NO;
				DEBUG_INFORMATION_FORMAT = "dwarf-with-dsym";
				ENABLE_NS_ASSERTIONS = NO;
				ENABLE_STRICT_OBJC_MSGSEND = YES;
				GCC_C_LANGUAGE_STANDARD = gnu11;
				GCC_NO_COMMON_BLOCKS = YES;
				GCC_WARN_64_TO_32_BIT_CONVERSION = YES;
				GCC_WARN_ABOUT_RETURN_TYPE = YES_ERROR;
				GCC_WARN_UNDECLARED_SELECTOR = YES;
				GCC_WARN_UNINITIALIZED_AUTOS = YES_AGGRESSIVE;
				GCC_WARN_UNUSED_FUNCTION = YES;
				GCC_WARN_UNUSED_VARIABLE = YES;
				IPHONEOS_DEPLOYMENT_TARGET = 12.0;
				MTL_ENABLE_DEBUG_INFO = NO;
				MTL_FAST_MATH = YES;
				SDKROOT = iphoneos;
				SWIFT_COMPILATION_MODE = wholemodule;
				SWIFT_OPTIMIZATION_LEVEL = "-O";
				VALIDATE_PRODUCT = YES;
			};
			name = Release;
		};
		10FA4DD82187C6A5005416CC /* Debug */ = {
			isa = XCBuildConfiguration;
			buildSettings = {
				ASSETCATALOG_COMPILER_APPICON_NAME = AppIcon;
				CODE_SIGN_STYLE = Automatic;
				DEVELOPMENT_TEAM = YZNYB3L9H8;
				INFOPLIST_FILE = iQuiz/Info.plist;
				LD_RUNPATH_SEARCH_PATHS = (
					"$(inherited)",
					"@executable_path/Frameworks",
				);
				PRODUCT_BUNDLE_IDENTIFIER = com.Allenshi.iQuiz;
				PRODUCT_NAME = "$(TARGET_NAME)";
				SWIFT_VERSION = 4.2;
				TARGETED_DEVICE_FAMILY = "1,2";
			};
			name = Debug;
		};
		10FA4DD92187C6A5005416CC /* Release */ = {
			isa = XCBuildConfiguration;
			buildSettings = {
				ASSETCATALOG_COMPILER_APPICON_NAME = AppIcon;
				CODE_SIGN_STYLE = Automatic;
				DEVELOPMENT_TEAM = YZNYB3L9H8;
				INFOPLIST_FILE = iQuiz/Info.plist;
				LD_RUNPATH_SEARCH_PATHS = (
					"$(inherited)",
					"@executable_path/Frameworks",
				);
				PRODUCT_BUNDLE_IDENTIFIER = com.Allenshi.iQuiz;
				PRODUCT_NAME = "$(TARGET_NAME)";
				SWIFT_VERSION = 4.2;
				TARGETED_DEVICE_FAMILY = "1,2";
			};
			name = Release;
		};
		10FA4DDB2187C6A5005416CC /* Debug */ = {
			isa = XCBuildConfiguration;
			buildSettings = {
				ALWAYS_EMBED_SWIFT_STANDARD_LIBRARIES = YES;
				BUNDLE_LOADER = "$(TEST_HOST)";
				CODE_SIGN_STYLE = Automatic;
				DEVELOPMENT_TEAM = YZNYB3L9H8;
				INFOPLIST_FILE = iQuizTests/Info.plist;
				LD_RUNPATH_SEARCH_PATHS = (
					"$(inherited)",
					"@executable_path/Frameworks",
					"@loader_path/Frameworks",
				);
				PRODUCT_BUNDLE_IDENTIFIER = com.Allenshi.iQuizTests;
				PRODUCT_NAME = "$(TARGET_NAME)";
				SWIFT_VERSION = 4.2;
				TARGETED_DEVICE_FAMILY = "1,2";
				TEST_HOST = "$(BUILT_PRODUCTS_DIR)/iQuiz.app/iQuiz";
			};
			name = Debug;
		};
		10FA4DDC2187C6A5005416CC /* Release */ = {
			isa = XCBuildConfiguration;
			buildSettings = {
				ALWAYS_EMBED_SWIFT_STANDARD_LIBRARIES = YES;
				BUNDLE_LOADER = "$(TEST_HOST)";
				CODE_SIGN_STYLE = Automatic;
				DEVELOPMENT_TEAM = YZNYB3L9H8;
				INFOPLIST_FILE = iQuizTests/Info.plist;
				LD_RUNPATH_SEARCH_PATHS = (
					"$(inherited)",
					"@executable_path/Frameworks",
					"@loader_path/Frameworks",
				);
				PRODUCT_BUNDLE_IDENTIFIER = com.Allenshi.iQuizTests;
				PRODUCT_NAME = "$(TARGET_NAME)";
				SWIFT_VERSION = 4.2;
				TARGETED_DEVICE_FAMILY = "1,2";
				TEST_HOST = "$(BUILT_PRODUCTS_DIR)/iQuiz.app/iQuiz";
			};
			name = Release;
		};
		10FA4DDE2187C6A5005416CC /* Debug */ = {
			isa = XCBuildConfiguration;
			buildSettings = {
				ALWAYS_EMBED_SWIFT_STANDARD_LIBRARIES = YES;
				CODE_SIGN_STYLE = Automatic;
				DEVELOPMENT_TEAM = YZNYB3L9H8;
				INFOPLIST_FILE = iQuizUITests/Info.plist;
				LD_RUNPATH_SEARCH_PATHS = (
					"$(inherited)",
					"@executable_path/Frameworks",
					"@loader_path/Frameworks",
				);
				PRODUCT_BUNDLE_IDENTIFIER = com.Allenshi.iQuizUITests;
				PRODUCT_NAME = "$(TARGET_NAME)";
				SWIFT_VERSION = 4.2;
				TARGETED_DEVICE_FAMILY = "1,2";
				TEST_TARGET_NAME = iQuiz;
			};
			name = Debug;
		};
		10FA4DDF2187C6A5005416CC /* Release */ = {
			isa = XCBuildConfiguration;
			buildSettings = {
				ALWAYS_EMBED_SWIFT_STANDARD_LIBRARIES = YES;
				CODE_SIGN_STYLE = Automatic;
				DEVELOPMENT_TEAM = YZNYB3L9H8;
				INFOPLIST_FILE = iQuizUITests/Info.plist;
				LD_RUNPATH_SEARCH_PATHS = (
					"$(inherited)",
					"@executable_path/Frameworks",
					"@loader_path/Frameworks",
				);
				PRODUCT_BUNDLE_IDENTIFIER = com.Allenshi.iQuizUITests;
				PRODUCT_NAME = "$(TARGET_NAME)";
				SWIFT_VERSION = 4.2;
				TARGETED_DEVICE_FAMILY = "1,2";
				TEST_TARGET_NAME = iQuiz;
			};
			name = Release;
		};
/* End XCBuildConfiguration section */

/* Begin XCConfigurationList section */
		10FA4DAA2187C6A4005416CC /* Build configuration list for PBXProject "iQuiz" */ = {
			isa = XCConfigurationList;
			buildConfigurations = (
				10FA4DD52187C6A5005416CC /* Debug */,
				10FA4DD62187C6A5005416CC /* Release */,
			);
			defaultConfigurationIsVisible = 0;
			defaultConfigurationName = Release;
		};
		10FA4DD72187C6A5005416CC /* Build configuration list for PBXNativeTarget "iQuiz" */ = {
			isa = XCConfigurationList;
			buildConfigurations = (
				10FA4DD82187C6A5005416CC /* Debug */,
				10FA4DD92187C6A5005416CC /* Release */,
			);
			defaultConfigurationIsVisible = 0;
			defaultConfigurationName = Release;
		};
		10FA4DDA2187C6A5005416CC /* Build configuration list for PBXNativeTarget "iQuizTests" */ = {
			isa = XCConfigurationList;
			buildConfigurations = (
				10FA4DDB2187C6A5005416CC /* Debug */,
				10FA4DDC2187C6A5005416CC /* Release */,
			);
			defaultConfigurationIsVisible = 0;
			defaultConfigurationName = Release;
		};
		10FA4DDD2187C6A5005416CC /* Build configuration list for PBXNativeTarget "iQuizUITests" */ = {
			isa = XCConfigurationList;
			buildConfigurations = (
				10FA4DDE2187C6A5005416CC /* Debug */,
				10FA4DDF2187C6A5005416CC /* Release */,
			);
			defaultConfigurationIsVisible = 0;
			defaultConfigurationName = Release;
		};
/* End XCConfigurationList section */
	};
	rootObject = 10FA4DA72187C6A4005416CC /* Project object */;
}
